
Microsoft Visual Studio Solution File, Format Version 12.00
# Visual Studio Version 17
VisualStudioVersion = 17.5.33516.290
MinimumVisualStudioVersion = 10.0.40219.1
Project("{9A19103F-16F7-4668-BE54-9A1E7A4F7556}") = "E-CommerceBackend", "E-CommerceBackend.csproj", "{D769459D-E4EC-464B-8C5B-40F451143608}"
EndProject
Project("{FAE04EC0-301F-11D3-BF4B-00C04F79EFBC}") = "Domain", "..\Domain\Domain.csproj", "{43EDEEC2-907D-4619-AFA0-BFF007512479}"
EndProject
Project("{FAE04EC0-301F-11D3-BF4B-00C04F79EFBC}") = "Application", "..\Application\Application.csproj", "{1FD937E7-A353-4EA4-891F-736D863064F9}"
EndProject
Global
	GlobalSection(SolutionConfigurationPlatforms) = preSolution
		Debug|Any CPU = Debug|Any CPU
		Release|Any CPU = Release|Any CPU
	EndGlobalSection
	GlobalSection(ProjectConfigurationPlatforms) = postSolution
		{D769459D-E4EC-464B-8C5B-40F451143608}.Debug|Any CPU.ActiveCfg = Debug|Any CPU
		{D769459D-E4EC-464B-8C5B-40F451143608}.Debug|Any CPU.Build.0 = Debug|Any CPU
		{D769459D-E4EC-464B-8C5B-40F451143608}.Release|Any CPU.ActiveCfg = Release|Any CPU
		{D769459D-E4EC-464B-8C5B-40F451143608}.Release|Any CPU.Build.0 = Release|Any CPU
		{43EDEEC2-907D-4619-AFA0-BFF007512479}.Debug|Any CPU.ActiveCfg = Debug|Any CPU
		{43EDEEC2-907D-4619-AFA0-BFF007512479}.Debug|Any CPU.Build.0 = Debug|Any CPU
		{43EDEEC2-907D-4619-AFA0-BFF007512479}.Release|Any CPU.ActiveCfg = Release|Any CPU
		{43EDEEC2-907D-4619-AFA0-BFF007512479}.Release|Any CPU.Build.0 = Release|Any CPU
		{1FD937E7-A353-4EA4-891F-736D863064F9}.Debug|Any CPU.ActiveCfg = Debug|Any CPU
		{1FD937E7-A353-4EA4-891F-736D863064F9}.Debug|Any CPU.Build.0 = Debug|Any CPU
		{1FD937E7-A353-4EA4-891F-736D863064F9}.Release|Any CPU.ActiveCfg = Release|Any CPU
		{1FD937E7-A353-4EA4-891F-736D863064F9}.Release|Any CPU.Build.0 = Release|Any CPU
	EndGlobalSection
	GlobalSection(SolutionProperties) = preSolution
		HideSolutionNode = FALSE
	EndGlobalSection
	GlobalSection(ExtensibilityGlobals) = postSolution
		SolutionGuid = {ABA172AE-BBC5-485D-A5BB-322019B5E2D1}
	EndGlobalSection
EndGlobal
